
Microsoft Visual Studio Solution File, Format Version 12.00
# Visual Studio Version 17
VisualStudioVersion = 17.9.34728.123
MinimumVisualStudioVersion = 10.0.40219.1
Project("{9A19103F-16F7-4668-BE54-9A1E7A4F7556}") = "NakamaMauiDemo", "NakamaMauiDemo\NakamaMauiDemo.csproj", "{14DE74E7-47F7-4473-AD46-F04065BD5B2A}"
EndProject
Project("{9A19103F-16F7-4668-BE54-9A1E7A4F7556}") = "NakamaConsoleDemo", "NakamaConsoleDemo\NakamaConsoleDemo.csproj", "{F30BAD74-2016-4F7F-BDF7-4C2847640FC8}"
EndProject
Project("{9A19103F-16F7-4668-BE54-9A1E7A4F7556}") = "NakamaConsoleDemoChat", "NakamaConsoleDemoChat\NakamaConsoleDemoChat.csproj", "{FCBB5E58-2791-4A4B-8D5B-494107AA88FC}"
EndProject
Global
	GlobalSection(SolutionConfigurationPlatforms) = preSolution
		Debug|Any CPU = Debug|Any CPU
		Release|Any CPU = Release|Any CPU
	EndGlobalSection
	GlobalSection(ProjectConfigurationPlatforms) = postSolution
		{14DE74E7-47F7-4473-AD46-F04065BD5B2A}.Debug|Any CPU.ActiveCfg = Debug|Any CPU
		{14DE74E7-47F7-4473-AD46-F04065BD5B2A}.Debug|Any CPU.Build.0 = Debug|Any CPU
		{14DE74E7-47F7-4473-AD46-F04065BD5B2A}.Debug|Any CPU.Deploy.0 = Debug|Any CPU
		{14DE74E7-47F7-4473-AD46-F04065BD5B2A}.Release|Any CPU.ActiveCfg = Release|Any CPU
		{14DE74E7-47F7-4473-AD46-F04065BD5B2A}.Release|Any CPU.Build.0 = Release|Any CPU
		{14DE74E7-47F7-4473-AD46-F04065BD5B2A}.Release|Any CPU.Deploy.0 = Release|Any CPU
		{F30BAD74-2016-4F7F-BDF7-4C2847640FC8}.Debug|Any CPU.ActiveCfg = Debug|Any CPU
		{F30BAD74-2016-4F7F-BDF7-4C2847640FC8}.Debug|Any CPU.Build.0 = Debug|Any CPU
		{F30BAD74-2016-4F7F-BDF7-4C2847640FC8}.Release|Any CPU.ActiveCfg = Release|Any CPU
		{F30BAD74-2016-4F7F-BDF7-4C2847640FC8}.Release|Any CPU.Build.0 = Release|Any CPU
		{FCBB5E58-2791-4A4B-8D5B-494107AA88FC}.Debug|Any CPU.ActiveCfg = Debug|Any CPU
		{FCBB5E58-2791-4A4B-8D5B-494107AA88FC}.Debug|Any CPU.Build.0 = Debug|Any CPU
		{FCBB5E58-2791-4A4B-8D5B-494107AA88FC}.Release|Any CPU.ActiveCfg = Release|Any CPU
		{FCBB5E58-2791-4A4B-8D5B-494107AA88FC}.Release|Any CPU.Build.0 = Release|Any CPU
	EndGlobalSection
	GlobalSection(SolutionProperties) = preSolution
		HideSolutionNode = FALSE
	EndGlobalSection
	GlobalSection(ExtensibilityGlobals) = postSolution
		SolutionGuid = {B63581B4-9822-4175-BBEF-609AD87B7FDE}
	EndGlobalSection
EndGlobal
