
Microsoft Visual Studio Solution File, Format Version 12.00
# Visual Studio Version 17
VisualStudioVersion = 17.9.34728.123
MinimumVisualStudioVersion = 10.0.40219.1
Project("{9A19103F-16F7-4668-BE54-9A1E7A4F7556}") = "NakamaConsoleDemo", "NakamaConsoleDemo.csproj", "{478752B6-E308-4886-AE5C-91EE107577DB}"
EndProject
Project("{FAE04EC0-301F-11D3-BF4B-00C04F79EFBC}") = "NakamaConsoleDemoChat", "..\NakamaConsoleDemoChat\NakamaConsoleDemoChat.csproj", "{1F834148-5ECB-4A37-80C0-38E37090E68C}"
EndProject
Project("{FAE04EC0-301F-11D3-BF4B-00C04F79EFBC}") = "NakamaMauiDemo", "..\NakamaMauiDemo\NakamaMauiDemo.csproj", "{C02A7AD8-48B1-4429-AEB0-FCDF7BA44427}"
EndProject
Global
	GlobalSection(SolutionConfigurationPlatforms) = preSolution
		Debug|Any CPU = Debug|Any CPU
		Release|Any CPU = Release|Any CPU
	EndGlobalSection
	GlobalSection(ProjectConfigurationPlatforms) = postSolution
		{478752B6-E308-4886-AE5C-91EE107577DB}.Debug|Any CPU.ActiveCfg = Debug|Any CPU
		{478752B6-E308-4886-AE5C-91EE107577DB}.Debug|Any CPU.Build.0 = Debug|Any CPU
		{478752B6-E308-4886-AE5C-91EE107577DB}.Release|Any CPU.ActiveCfg = Release|Any CPU
		{478752B6-E308-4886-AE5C-91EE107577DB}.Release|Any CPU.Build.0 = Release|Any CPU
		{1F834148-5ECB-4A37-80C0-38E37090E68C}.Debug|Any CPU.ActiveCfg = Debug|Any CPU
		{1F834148-5ECB-4A37-80C0-38E37090E68C}.Debug|Any CPU.Build.0 = Debug|Any CPU
		{1F834148-5ECB-4A37-80C0-38E37090E68C}.Release|Any CPU.ActiveCfg = Release|Any CPU
		{1F834148-5ECB-4A37-80C0-38E37090E68C}.Release|Any CPU.Build.0 = Release|Any CPU
		{C02A7AD8-48B1-4429-AEB0-FCDF7BA44427}.Debug|Any CPU.ActiveCfg = Debug|Any CPU
		{C02A7AD8-48B1-4429-AEB0-FCDF7BA44427}.Debug|Any CPU.Build.0 = Debug|Any CPU
		{C02A7AD8-48B1-4429-AEB0-FCDF7BA44427}.Debug|Any CPU.Deploy.0 = Debug|Any CPU
		{C02A7AD8-48B1-4429-AEB0-FCDF7BA44427}.Release|Any CPU.ActiveCfg = Release|Any CPU
		{C02A7AD8-48B1-4429-AEB0-FCDF7BA44427}.Release|Any CPU.Build.0 = Release|Any CPU
		{C02A7AD8-48B1-4429-AEB0-FCDF7BA44427}.Release|Any CPU.Deploy.0 = Release|Any CPU
	EndGlobalSection
	GlobalSection(SolutionProperties) = preSolution
		HideSolutionNode = FALSE
	EndGlobalSection
	GlobalSection(ExtensibilityGlobals) = postSolution
		SolutionGuid = {5BF58C1F-70B6-4FEB-A2EC-1A9B1C96287D}
	EndGlobalSection
EndGlobal
